{
  "name": "ritikport",
  "lockfileVersion": 3,
  "requires": true,
  "packages": {
    "": {
      "dependencies": {
        "@emailjs/nodejs": "^5.0.2"
      }
    },
    "node_modules/@emailjs/nodejs": {
      "version": "5.0.2",
      "resolved": "https://registry.npmjs.org/@emailjs/nodejs/-/nodejs-5.0.2.tgz",
      "integrity": "sha512-+BrO5rF0msaoEeSKxoa64weUkczd3fTXRCB8/EnKaIRzC8B1EyLDZfr9vYK5TNG/U3Eco9cpjMNnA1IlUBkmOw==",
      "license": "BSD-3-Clause",
      "engines": {
        "node": ">=18.0.0"
      }
    }
  }
}
